
Microsoft Visual Studio Solution File, Format Version 12.00
# Visual Studio Version 17
VisualStudioVersion = 17.8.34212.112
MinimumVisualStudioVersion = 10.0.40219.1
Project("{FAE04EC0-301F-11D3-BF4B-00C04F79EFBC}") = "MauiCalismasi2", "MauiCalismasi2\MauiCalismasi2.csproj", "{5FDE8F01-87FF-44F3-A25A-F44B1AC8EC59}"
EndProject
Global
	GlobalSection(SolutionConfigurationPlatforms) = preSolution
		Debug|Any CPU = Debug|Any CPU
		Release|Any CPU = Release|Any CPU
	EndGlobalSection
	GlobalSection(ProjectConfigurationPlatforms) = postSolution
		{5FDE8F01-87FF-44F3-A25A-F44B1AC8EC59}.Debug|Any CPU.ActiveCfg = Debug|Any CPU
		{5FDE8F01-87FF-44F3-A25A-F44B1AC8EC59}.Debug|Any CPU.Build.0 = Debug|Any CPU
		{5FDE8F01-87FF-44F3-A25A-F44B1AC8EC59}.Debug|Any CPU.Deploy.0 = Debug|Any CPU
		{5FDE8F01-87FF-44F3-A25A-F44B1AC8EC59}.Release|Any CPU.ActiveCfg = Release|Any CPU
		{5FDE8F01-87FF-44F3-A25A-F44B1AC8EC59}.Release|Any CPU.Build.0 = Release|Any CPU
		{5FDE8F01-87FF-44F3-A25A-F44B1AC8EC59}.Release|Any CPU.Deploy.0 = Release|Any CPU
	EndGlobalSection
	GlobalSection(SolutionProperties) = preSolution
		HideSolutionNode = FALSE
	EndGlobalSection
	GlobalSection(ExtensibilityGlobals) = postSolution
		SolutionGuid = {6E7F199C-5E1A-4AF8-8DC5-5523E2FFD02A}
	EndGlobalSection
EndGlobal
